
Microsoft Visual Studio Solution File, Format Version 12.00
# Visual Studio Version 17
VisualStudioVersion = 17.0.32014.148
MinimumVisualStudioVersion = 10.0.40219.1
Project("{9A19103F-16F7-4668-BE54-9A1E7A4F7556}") = "MetadataAPI", "MetadataAPI\MetadataAPI.csproj", "{1DAE5B1A-0111-4912-8221-7E945740726D}"
EndProject
Project("{9A19103F-16F7-4668-BE54-9A1E7A4F7556}") = "MetadataAPITest", "MetadataAPITest\MetadataAPITest.csproj", "{6CE94455-30B7-4AD3-BC3A-8E47CFFBA2C0}"
EndProject
Project("{2150E333-8FDC-42A3-9474-1A3956D46DE8}") = "Solution Items", "Solution Items", "{0F67DFC3-56DA-4F9C-B85F-8E95A92AC452}"
	ProjectSection(SolutionItems) = preProject
		.editorconfig = .editorconfig
		nuget.config = nuget.config
	EndProjectSection
EndProject
Project("{FAE04EC0-301F-11D3-BF4B-00C04F79EFBC}") = "MetadataTool", "MetadataTool\MetadataTool.csproj", "{955A2146-B722-4338-ACD5-5AA72D992520}"
EndProject
Global
	GlobalSection(SolutionConfigurationPlatforms) = preSolution
		Debug|Any CPU = Debug|Any CPU
		Debug|ARM = Debug|ARM
		Debug|ARM64 = Debug|ARM64
		Debug|x64 = Debug|x64
		Debug|x86 = Debug|x86
		Release|Any CPU = Release|Any CPU
		Release|ARM = Release|ARM
		Release|ARM64 = Release|ARM64
		Release|x64 = Release|x64
		Release|x86 = Release|x86
	EndGlobalSection
	GlobalSection(ProjectConfigurationPlatforms) = postSolution
		{1DAE5B1A-0111-4912-8221-7E945740726D}.Debug|Any CPU.ActiveCfg = Debug|Any CPU
		{1DAE5B1A-0111-4912-8221-7E945740726D}.Debug|Any CPU.Build.0 = Debug|Any CPU
		{1DAE5B1A-0111-4912-8221-7E945740726D}.Debug|ARM.ActiveCfg = Debug|Any CPU
		{1DAE5B1A-0111-4912-8221-7E945740726D}.Debug|ARM.Build.0 = Debug|Any CPU
		{1DAE5B1A-0111-4912-8221-7E945740726D}.Debug|ARM64.ActiveCfg = Debug|Any CPU
		{1DAE5B1A-0111-4912-8221-7E945740726D}.Debug|ARM64.Build.0 = Debug|Any CPU
		{1DAE5B1A-0111-4912-8221-7E945740726D}.Debug|x64.ActiveCfg = Debug|Any CPU
		{1DAE5B1A-0111-4912-8221-7E945740726D}.Debug|x64.Build.0 = Debug|Any CPU
		{1DAE5B1A-0111-4912-8221-7E945740726D}.Debug|x86.ActiveCfg = Debug|Any CPU
		{1DAE5B1A-0111-4912-8221-7E945740726D}.Debug|x86.Build.0 = Debug|Any CPU
		{1DAE5B1A-0111-4912-8221-7E945740726D}.Release|Any CPU.ActiveCfg = Release|Any CPU
		{1DAE5B1A-0111-4912-8221-7E945740726D}.Release|Any CPU.Build.0 = Release|Any CPU
		{1DAE5B1A-0111-4912-8221-7E945740726D}.Release|ARM.ActiveCfg = Release|Any CPU
		{1DAE5B1A-0111-4912-8221-7E945740726D}.Release|ARM.Build.0 = Release|Any CPU
		{1DAE5B1A-0111-4912-8221-7E945740726D}.Release|ARM64.ActiveCfg = Release|Any CPU
		{1DAE5B1A-0111-4912-8221-7E945740726D}.Release|ARM64.Build.0 = Release|Any CPU
		{1DAE5B1A-0111-4912-8221-7E945740726D}.Release|x64.ActiveCfg = Release|Any CPU
		{1DAE5B1A-0111-4912-8221-7E945740726D}.Release|x64.Build.0 = Release|Any CPU
		{1DAE5B1A-0111-4912-8221-7E945740726D}.Release|x86.ActiveCfg = Release|Any CPU
		{1DAE5B1A-0111-4912-8221-7E945740726D}.Release|x86.Build.0 = Release|Any CPU
		{6CE94455-30B7-4AD3-BC3A-8E47CFFBA2C0}.Debug|Any CPU.ActiveCfg = Debug|Any CPU
		{6CE94455-30B7-4AD3-BC3A-8E47CFFBA2C0}.Debug|Any CPU.Build.0 = Debug|Any CPU
		{6CE94455-30B7-4AD3-BC3A-8E47CFFBA2C0}.Debug|ARM.ActiveCfg = Debug|Any CPU
		{6CE94455-30B7-4AD3-BC3A-8E47CFFBA2C0}.Debug|ARM.Build.0 = Debug|Any CPU
		{6CE94455-30B7-4AD3-BC3A-8E47CFFBA2C0}.Debug|ARM64.ActiveCfg = Debug|Any CPU
		{6CE94455-30B7-4AD3-BC3A-8E47CFFBA2C0}.Debug|ARM64.Build.0 = Debug|Any CPU
		{6CE94455-30B7-4AD3-BC3A-8E47CFFBA2C0}.Debug|x64.ActiveCfg = Debug|Any CPU
		{6CE94455-30B7-4AD3-BC3A-8E47CFFBA2C0}.Debug|x64.Build.0 = Debug|Any CPU
		{6CE94455-30B7-4AD3-BC3A-8E47CFFBA2C0}.Debug|x86.ActiveCfg = Debug|Any CPU
		{6CE94455-30B7-4AD3-BC3A-8E47CFFBA2C0}.Debug|x86.Build.0 = Debug|Any CPU
		{6CE94455-30B7-4AD3-BC3A-8E47CFFBA2C0}.Release|Any CPU.ActiveCfg = Release|Any CPU
		{6CE94455-30B7-4AD3-BC3A-8E47CFFBA2C0}.Release|Any CPU.Build.0 = Release|Any CPU
		{6CE94455-30B7-4AD3-BC3A-8E47CFFBA2C0}.Release|ARM.ActiveCfg = Release|Any CPU
		{6CE94455-30B7-4AD3-BC3A-8E47CFFBA2C0}.Release|ARM.Build.0 = Release|Any CPU
		{6CE94455-30B7-4AD3-BC3A-8E47CFFBA2C0}.Release|ARM64.ActiveCfg = Release|Any CPU
		{6CE94455-30B7-4AD3-BC3A-8E47CFFBA2C0}.Release|ARM64.Build.0 = Release|Any CPU
		{6CE94455-30B7-4AD3-BC3A-8E47CFFBA2C0}.Release|x64.ActiveCfg = Release|Any CPU
		{6CE94455-30B7-4AD3-BC3A-8E47CFFBA2C0}.Release|x64.Build.0 = Release|Any CPU
		{6CE94455-30B7-4AD3-BC3A-8E47CFFBA2C0}.Release|x86.ActiveCfg = Release|Any CPU
		{6CE94455-30B7-4AD3-BC3A-8E47CFFBA2C0}.Release|x86.Build.0 = Release|Any CPU
		{955A2146-B722-4338-ACD5-5AA72D992520}.Debug|Any CPU.ActiveCfg = Debug|Any CPU
		{955A2146-B722-4338-ACD5-5AA72D992520}.Debug|Any CPU.Build.0 = Debug|Any CPU
		{955A2146-B722-4338-ACD5-5AA72D992520}.Debug|ARM.ActiveCfg = Debug|Any CPU
		{955A2146-B722-4338-ACD5-5AA72D992520}.Debug|ARM.Build.0 = Debug|Any CPU
		{955A2146-B722-4338-ACD5-5AA72D992520}.Debug|ARM64.ActiveCfg = Debug|Any CPU
		{955A2146-B722-4338-ACD5-5AA72D992520}.Debug|ARM64.Build.0 = Debug|Any CPU
		{955A2146-B722-4338-ACD5-5AA72D992520}.Debug|x64.ActiveCfg = Debug|Any CPU
		{955A2146-B722-4338-ACD5-5AA72D992520}.Debug|x64.Build.0 = Debug|Any CPU
		{955A2146-B722-4338-ACD5-5AA72D992520}.Debug|x86.ActiveCfg = Debug|Any CPU
		{955A2146-B722-4338-ACD5-5AA72D992520}.Debug|x86.Build.0 = Debug|Any CPU
		{955A2146-B722-4338-ACD5-5AA72D992520}.Release|Any CPU.ActiveCfg = Release|Any CPU
		{955A2146-B722-4338-ACD5-5AA72D992520}.Release|Any CPU.Build.0 = Release|Any CPU
		{955A2146-B722-4338-ACD5-5AA72D992520}.Release|ARM.ActiveCfg = Release|Any CPU
		{955A2146-B722-4338-ACD5-5AA72D992520}.Release|ARM.Build.0 = Release|Any CPU
		{955A2146-B722-4338-ACD5-5AA72D992520}.Release|ARM64.ActiveCfg = Release|Any CPU
		{955A2146-B722-4338-ACD5-5AA72D992520}.Release|ARM64.Build.0 = Release|Any CPU
		{955A2146-B722-4338-ACD5-5AA72D992520}.Release|x64.ActiveCfg = Release|Any CPU
		{955A2146-B722-4338-ACD5-5AA72D992520}.Release|x64.Build.0 = Release|Any CPU
		{955A2146-B722-4338-ACD5-5AA72D992520}.Release|x86.ActiveCfg = Release|Any CPU
		{955A2146-B722-4338-ACD5-5AA72D992520}.Release|x86.Build.0 = Release|Any CPU
	EndGlobalSection
	GlobalSection(SolutionProperties) = preSolution
		HideSolutionNode = FALSE
	EndGlobalSection
	GlobalSection(ExtensibilityGlobals) = postSolution
		SolutionGuid = {FBCD3A40-FA62-40CA-880C-86382AEAA5DA}
	EndGlobalSection
EndGlobal
